
Microsoft Visual Studio Solution File, Format Version 12.00
# Visual Studio Version 17
VisualStudioVersion = 17.0.32014.148
MinimumVisualStudioVersion = 10.0.40219.1
Project("{888888A0-9F3D-457C-B088-3A5042F75D52}") = "ML Project", "ML Project\ML Project.pyproj", "{4D9AF7FB-AD43-4786-B8A2-A15FFC20CC3A}"
EndProject
Global
	GlobalSection(SolutionConfigurationPlatforms) = preSolution
		Debug|Any CPU = Debug|Any CPU
		Release|Any CPU = Release|Any CPU
	EndGlobalSection
	GlobalSection(ProjectConfigurationPlatforms) = postSolution
		{4D9AF7FB-AD43-4786-B8A2-A15FFC20CC3A}.Debug|Any CPU.ActiveCfg = Debug|Any CPU
		{4D9AF7FB-AD43-4786-B8A2-A15FFC20CC3A}.Release|Any CPU.ActiveCfg = Release|Any CPU
	EndGlobalSection
	GlobalSection(SolutionProperties) = preSolution
		HideSolutionNode = FALSE
	EndGlobalSection
	GlobalSection(ExtensibilityGlobals) = postSolution
		SolutionGuid = {84810A9A-4CA6-432F-B2E4-4F61E3BF7613}
	EndGlobalSection
EndGlobal
